
Microsoft Visual Studio Solution File, Format Version 12.00
# Visual Studio 14
VisualStudioVersion = 14.0.25420.1
MinimumVisualStudioVersion = 10.0.40219.1
Project("{FAE04EC0-301F-11D3-BF4B-00C04F79EFBC}") = "Server", "Server\Server.csproj", "{7C273C43-FB67-4A81-A3A9-A30CC5670BA2}"
EndProject
Project("{FAE04EC0-301F-11D3-BF4B-00C04F79EFBC}") = "Clients", "Clients\Clients.csproj", "{A1450C12-6F42-40E2-B156-C7F032183792}"
EndProject
Global
	GlobalSection(SolutionConfigurationPlatforms) = preSolution
		Debug|Any CPU = Debug|Any CPU
		Release|Any CPU = Release|Any CPU
	EndGlobalSection
	GlobalSection(ProjectConfigurationPlatforms) = postSolution
		{7C273C43-FB67-4A81-A3A9-A30CC5670BA2}.Debug|Any CPU.ActiveCfg = Debug|Any CPU
		{7C273C43-FB67-4A81-A3A9-A30CC5670BA2}.Debug|Any CPU.Build.0 = Debug|Any CPU
		{7C273C43-FB67-4A81-A3A9-A30CC5670BA2}.Release|Any CPU.ActiveCfg = Release|Any CPU
		{7C273C43-FB67-4A81-A3A9-A30CC5670BA2}.Release|Any CPU.Build.0 = Release|Any CPU
		{A1450C12-6F42-40E2-B156-C7F032183792}.Debug|Any CPU.ActiveCfg = Debug|Any CPU
		{A1450C12-6F42-40E2-B156-C7F032183792}.Debug|Any CPU.Build.0 = Debug|Any CPU
		{A1450C12-6F42-40E2-B156-C7F032183792}.Release|Any CPU.ActiveCfg = Release|Any CPU
		{A1450C12-6F42-40E2-B156-C7F032183792}.Release|Any CPU.Build.0 = Release|Any CPU
	EndGlobalSection
	GlobalSection(SolutionProperties) = preSolution
		HideSolutionNode = FALSE
	EndGlobalSection
EndGlobal
